
Microsoft Visual Studio Solution File, Format Version 12.00
# Visual Studio Version 17
VisualStudioVersion = 17.0.32014.148
MinimumVisualStudioVersion = 10.0.40219.1
Project("{9A19103F-16F7-4668-BE54-9A1E7A4F7556}") = "Lessons2", "Lessons2\Lessons2.csproj", "{6A24C2DA-D0C5-47F7-8EFC-CF7C6447D502}"
EndProject
Project("{FAE04EC0-301F-11D3-BF4B-00C04F79EFBC}") = "HuntingTests", "HuntingTests\HuntingTests.csproj", "{FF019B12-BAC7-474E-BF65-89FFD1D3DF81}"
EndProject
Global
	GlobalSection(SolutionConfigurationPlatforms) = preSolution
		Debug|Any CPU = Debug|Any CPU
		Release|Any CPU = Release|Any CPU
	EndGlobalSection
	GlobalSection(ProjectConfigurationPlatforms) = postSolution
		{6A24C2DA-D0C5-47F7-8EFC-CF7C6447D502}.Debug|Any CPU.ActiveCfg = Debug|Any CPU
		{6A24C2DA-D0C5-47F7-8EFC-CF7C6447D502}.Debug|Any CPU.Build.0 = Debug|Any CPU
		{6A24C2DA-D0C5-47F7-8EFC-CF7C6447D502}.Release|Any CPU.ActiveCfg = Release|Any CPU
		{6A24C2DA-D0C5-47F7-8EFC-CF7C6447D502}.Release|Any CPU.Build.0 = Release|Any CPU
		{FF019B12-BAC7-474E-BF65-89FFD1D3DF81}.Debug|Any CPU.ActiveCfg = Debug|Any CPU
		{FF019B12-BAC7-474E-BF65-89FFD1D3DF81}.Debug|Any CPU.Build.0 = Debug|Any CPU
		{FF019B12-BAC7-474E-BF65-89FFD1D3DF81}.Release|Any CPU.ActiveCfg = Release|Any CPU
		{FF019B12-BAC7-474E-BF65-89FFD1D3DF81}.Release|Any CPU.Build.0 = Release|Any CPU
	EndGlobalSection
	GlobalSection(SolutionProperties) = preSolution
		HideSolutionNode = FALSE
	EndGlobalSection
	GlobalSection(ExtensibilityGlobals) = postSolution
		SolutionGuid = {9113D5D4-9B95-40C9-8D30-9FB7E0CAE160}
	EndGlobalSection
EndGlobal
